
Microsoft Visual Studio Solution File, Format Version 12.00
# Visual Studio Version 17
VisualStudioVersion = 17.9.34728.123
MinimumVisualStudioVersion = 10.0.40219.1
Project("{9A19103F-16F7-4668-BE54-9A1E7A4F7556}") = "TestApp", "TestApp.csproj", "{14D405AB-9DD2-46B2-B807-128DE738227D}"
EndProject
Global
	GlobalSection(SolutionConfigurationPlatforms) = preSolution
		Debug|Any CPU = Debug|Any CPU
		Release|Any CPU = Release|Any CPU
	EndGlobalSection
	GlobalSection(ProjectConfigurationPlatforms) = postSolution
		{14D405AB-9DD2-46B2-B807-128DE738227D}.Debug|Any CPU.ActiveCfg = Debug|Any CPU
		{14D405AB-9DD2-46B2-B807-128DE738227D}.Debug|Any CPU.Build.0 = Debug|Any CPU
		{14D405AB-9DD2-46B2-B807-128DE738227D}.Release|Any CPU.ActiveCfg = Release|Any CPU
		{14D405AB-9DD2-46B2-B807-128DE738227D}.Release|Any CPU.Build.0 = Release|Any CPU
	EndGlobalSection
	GlobalSection(SolutionProperties) = preSolution
		HideSolutionNode = FALSE
	EndGlobalSection
	GlobalSection(ExtensibilityGlobals) = postSolution
		SolutionGuid = {A300BFED-3B9C-4895-B5B2-FE0816F53A8E}
	EndGlobalSection
EndGlobal
